
Microsoft Visual Studio Solution File, Format Version 12.00
# Visual Studio Version 16
VisualStudioVersion = 16.0.30104.148
MinimumVisualStudioVersion = 10.0.40219.1
Project("{FAE04EC0-301F-11D3-BF4B-00C04F79EFBC}") = "WpfHamburgerMenuButton", "WpfHamburgerMenuButton\WpfHamburgerMenuButton.csproj", "{72082FF0-4BBB-4FB4-B15F-EAE5C320BBD4}"
EndProject
Global
	GlobalSection(SolutionConfigurationPlatforms) = preSolution
		Debug|Any CPU = Debug|Any CPU
		Release|Any CPU = Release|Any CPU
	EndGlobalSection
	GlobalSection(ProjectConfigurationPlatforms) = postSolution
		{72082FF0-4BBB-4FB4-B15F-EAE5C320BBD4}.Debug|Any CPU.ActiveCfg = Debug|Any CPU
		{72082FF0-4BBB-4FB4-B15F-EAE5C320BBD4}.Debug|Any CPU.Build.0 = Debug|Any CPU
		{72082FF0-4BBB-4FB4-B15F-EAE5C320BBD4}.Release|Any CPU.ActiveCfg = Release|Any CPU
		{72082FF0-4BBB-4FB4-B15F-EAE5C320BBD4}.Release|Any CPU.Build.0 = Release|Any CPU
	EndGlobalSection
	GlobalSection(SolutionProperties) = preSolution
		HideSolutionNode = FALSE
	EndGlobalSection
	GlobalSection(ExtensibilityGlobals) = postSolution
		SolutionGuid = {99CCF229-3DA9-4A77-9006-60B0506C1727}
	EndGlobalSection
EndGlobal
